
Microsoft Visual Studio Solution File, Format Version 12.00
# Visual Studio Version 17
VisualStudioVersion = 17.4.33213.308
MinimumVisualStudioVersion = 10.0.40219.1
Project("{9A19103F-16F7-4668-BE54-9A1E7A4F7556}") = "GPM.CubeIntersector.WPF", "GPM.CubeIntersector.WPF\GPM.CubeIntersector.WPF.csproj", "{C4F1CB21-038E-4599-A48F-67094D1DE3A5}"
EndProject
Project("{2150E333-8FDC-42A3-9474-1A3956D46DE8}") = "Application Layer", "Application Layer", "{EB1D5EED-4309-4407-8EA9-D2F90B1A5123}"
EndProject
Project("{2150E333-8FDC-42A3-9474-1A3956D46DE8}") = "Presentation Layer", "Presentation Layer", "{180473F9-193B-4335-8B8F-32FDBC7C31C5}"
EndProject
Project("{9A19103F-16F7-4668-BE54-9A1E7A4F7556}") = "GPM.CubeIntersector.WPF.Presenter", "GPM.CubeIntersector.WPF.Presenter\GPM.CubeIntersector.WPF.Presenter.csproj", "{6E3E7CB1-C3AF-4719-A1CA-192083478A22}"
EndProject
Project("{9A19103F-16F7-4668-BE54-9A1E7A4F7556}") = "GPM.WPF.ViewModel", "GPM.WPF.ViewModel\GPM.WPF.ViewModel.csproj", "{73BD9C68-A2D4-45D8-B991-8CCFBADFBB7B}"
EndProject
Project("{9A19103F-16F7-4668-BE54-9A1E7A4F7556}") = "GPM.WPF.View", "GPM.WPF.View\GPM.WPF.View.csproj", "{958E9718-2A69-4D18-A45D-380AF09AA626}"
EndProject
Project("{2150E333-8FDC-42A3-9474-1A3956D46DE8}") = "Support Layer", "Support Layer", "{1D389ED8-2611-4CA3-8004-B1FB48D70967}"
EndProject
Project("{9A19103F-16F7-4668-BE54-9A1E7A4F7556}") = "GPM.Product.Abstractions", "GPM.Product.Abstractions\GPM.Product.Abstractions.csproj", "{B25DD78A-B835-415D-B20B-314E1CBFD740}"
EndProject
Project("{9A19103F-16F7-4668-BE54-9A1E7A4F7556}") = "GPM.Product.WPF", "GPM.Product.WPF\GPM.Product.WPF.csproj", "{B4476F35-9EFE-4860-8F44-1F905E634535}"
EndProject
Project("{2150E333-8FDC-42A3-9474-1A3956D46DE8}") = "Business Logic Layer", "Business Logic Layer", "{64FBF871-CD4C-4206-9B10-47E30C1A6479}"
EndProject
Project("{9A19103F-16F7-4668-BE54-9A1E7A4F7556}") = "GPM.CubeIntersector.Domain", "GPM.CubeIntersector.Domain\GPM.CubeIntersector.Domain.csproj", "{A0B24CD8-B4CD-41CD-9550-A717B8965A32}"
EndProject
Project("{2150E333-8FDC-42A3-9474-1A3956D46DE8}") = "Test Layer", "Test Layer", "{6DA269DC-8009-49B3-8A56-F55F1389CB67}"
EndProject
Project("{9A19103F-16F7-4668-BE54-9A1E7A4F7556}") = "GPM.Product.Common", "GPM.Product.Common\GPM.Product.Common.csproj", "{52232E6C-2DAE-4458-8727-E4557DC4BEB6}"
EndProject
Project("{9A19103F-16F7-4668-BE54-9A1E7A4F7556}") = "GPM.WPF.Model", "GPM.WPF.Model\GPM.WPF.Model.csproj", "{D3928FE9-0D40-49B0-8A07-E284C61160B7}"
EndProject
Project("{9A19103F-16F7-4668-BE54-9A1E7A4F7556}") = "GPM.CubeIntersector.Test", "GPM.CubeIntersector.Test\GPM.CubeIntersector.Test.csproj", "{E2E76403-9444-403D-8C07-1E0653EDCAE8}"
EndProject
Global
	GlobalSection(SolutionConfigurationPlatforms) = preSolution
		Debug|Any CPU = Debug|Any CPU
		Release|Any CPU = Release|Any CPU
	EndGlobalSection
	GlobalSection(ProjectConfigurationPlatforms) = postSolution
		{C4F1CB21-038E-4599-A48F-67094D1DE3A5}.Debug|Any CPU.ActiveCfg = Debug|Any CPU
		{C4F1CB21-038E-4599-A48F-67094D1DE3A5}.Debug|Any CPU.Build.0 = Debug|Any CPU
		{C4F1CB21-038E-4599-A48F-67094D1DE3A5}.Release|Any CPU.ActiveCfg = Release|Any CPU
		{C4F1CB21-038E-4599-A48F-67094D1DE3A5}.Release|Any CPU.Build.0 = Release|Any CPU
		{6E3E7CB1-C3AF-4719-A1CA-192083478A22}.Debug|Any CPU.ActiveCfg = Debug|Any CPU
		{6E3E7CB1-C3AF-4719-A1CA-192083478A22}.Debug|Any CPU.Build.0 = Debug|Any CPU
		{6E3E7CB1-C3AF-4719-A1CA-192083478A22}.Release|Any CPU.ActiveCfg = Release|Any CPU
		{6E3E7CB1-C3AF-4719-A1CA-192083478A22}.Release|Any CPU.Build.0 = Release|Any CPU
		{73BD9C68-A2D4-45D8-B991-8CCFBADFBB7B}.Debug|Any CPU.ActiveCfg = Debug|Any CPU
		{73BD9C68-A2D4-45D8-B991-8CCFBADFBB7B}.Debug|Any CPU.Build.0 = Debug|Any CPU
		{73BD9C68-A2D4-45D8-B991-8CCFBADFBB7B}.Release|Any CPU.ActiveCfg = Release|Any CPU
		{73BD9C68-A2D4-45D8-B991-8CCFBADFBB7B}.Release|Any CPU.Build.0 = Release|Any CPU
		{958E9718-2A69-4D18-A45D-380AF09AA626}.Debug|Any CPU.ActiveCfg = Debug|Any CPU
		{958E9718-2A69-4D18-A45D-380AF09AA626}.Debug|Any CPU.Build.0 = Debug|Any CPU
		{958E9718-2A69-4D18-A45D-380AF09AA626}.Release|Any CPU.ActiveCfg = Release|Any CPU
		{958E9718-2A69-4D18-A45D-380AF09AA626}.Release|Any CPU.Build.0 = Release|Any CPU
		{B25DD78A-B835-415D-B20B-314E1CBFD740}.Debug|Any CPU.ActiveCfg = Debug|Any CPU
		{B25DD78A-B835-415D-B20B-314E1CBFD740}.Debug|Any CPU.Build.0 = Debug|Any CPU
		{B25DD78A-B835-415D-B20B-314E1CBFD740}.Release|Any CPU.ActiveCfg = Release|Any CPU
		{B25DD78A-B835-415D-B20B-314E1CBFD740}.Release|Any CPU.Build.0 = Release|Any CPU
		{B4476F35-9EFE-4860-8F44-1F905E634535}.Debug|Any CPU.ActiveCfg = Debug|Any CPU
		{B4476F35-9EFE-4860-8F44-1F905E634535}.Debug|Any CPU.Build.0 = Debug|Any CPU
		{B4476F35-9EFE-4860-8F44-1F905E634535}.Release|Any CPU.ActiveCfg = Release|Any CPU
		{B4476F35-9EFE-4860-8F44-1F905E634535}.Release|Any CPU.Build.0 = Release|Any CPU
		{A0B24CD8-B4CD-41CD-9550-A717B8965A32}.Debug|Any CPU.ActiveCfg = Debug|Any CPU
		{A0B24CD8-B4CD-41CD-9550-A717B8965A32}.Debug|Any CPU.Build.0 = Debug|Any CPU
		{A0B24CD8-B4CD-41CD-9550-A717B8965A32}.Release|Any CPU.ActiveCfg = Release|Any CPU
		{A0B24CD8-B4CD-41CD-9550-A717B8965A32}.Release|Any CPU.Build.0 = Release|Any CPU
		{52232E6C-2DAE-4458-8727-E4557DC4BEB6}.Debug|Any CPU.ActiveCfg = Debug|Any CPU
		{52232E6C-2DAE-4458-8727-E4557DC4BEB6}.Debug|Any CPU.Build.0 = Debug|Any CPU
		{52232E6C-2DAE-4458-8727-E4557DC4BEB6}.Release|Any CPU.ActiveCfg = Release|Any CPU
		{52232E6C-2DAE-4458-8727-E4557DC4BEB6}.Release|Any CPU.Build.0 = Release|Any CPU
		{D3928FE9-0D40-49B0-8A07-E284C61160B7}.Debug|Any CPU.ActiveCfg = Debug|Any CPU
		{D3928FE9-0D40-49B0-8A07-E284C61160B7}.Debug|Any CPU.Build.0 = Debug|Any CPU
		{D3928FE9-0D40-49B0-8A07-E284C61160B7}.Release|Any CPU.ActiveCfg = Release|Any CPU
		{D3928FE9-0D40-49B0-8A07-E284C61160B7}.Release|Any CPU.Build.0 = Release|Any CPU
		{E2E76403-9444-403D-8C07-1E0653EDCAE8}.Debug|Any CPU.ActiveCfg = Debug|Any CPU
		{E2E76403-9444-403D-8C07-1E0653EDCAE8}.Debug|Any CPU.Build.0 = Debug|Any CPU
		{E2E76403-9444-403D-8C07-1E0653EDCAE8}.Release|Any CPU.ActiveCfg = Release|Any CPU
		{E2E76403-9444-403D-8C07-1E0653EDCAE8}.Release|Any CPU.Build.0 = Release|Any CPU
	EndGlobalSection
	GlobalSection(SolutionProperties) = preSolution
		HideSolutionNode = FALSE
	EndGlobalSection
	GlobalSection(NestedProjects) = preSolution
		{C4F1CB21-038E-4599-A48F-67094D1DE3A5} = {EB1D5EED-4309-4407-8EA9-D2F90B1A5123}
		{6E3E7CB1-C3AF-4719-A1CA-192083478A22} = {180473F9-193B-4335-8B8F-32FDBC7C31C5}
		{73BD9C68-A2D4-45D8-B991-8CCFBADFBB7B} = {180473F9-193B-4335-8B8F-32FDBC7C31C5}
		{958E9718-2A69-4D18-A45D-380AF09AA626} = {180473F9-193B-4335-8B8F-32FDBC7C31C5}
		{B25DD78A-B835-415D-B20B-314E1CBFD740} = {1D389ED8-2611-4CA3-8004-B1FB48D70967}
		{B4476F35-9EFE-4860-8F44-1F905E634535} = {1D389ED8-2611-4CA3-8004-B1FB48D70967}
		{A0B24CD8-B4CD-41CD-9550-A717B8965A32} = {64FBF871-CD4C-4206-9B10-47E30C1A6479}
		{52232E6C-2DAE-4458-8727-E4557DC4BEB6} = {1D389ED8-2611-4CA3-8004-B1FB48D70967}
		{D3928FE9-0D40-49B0-8A07-E284C61160B7} = {64FBF871-CD4C-4206-9B10-47E30C1A6479}
		{E2E76403-9444-403D-8C07-1E0653EDCAE8} = {6DA269DC-8009-49B3-8A56-F55F1389CB67}
	EndGlobalSection
	GlobalSection(ExtensibilityGlobals) = postSolution
		SolutionGuid = {F467FA8D-EB0B-4969-B318-B12225805795}
	EndGlobalSection
EndGlobal
