
Microsoft Visual Studio Solution File, Format Version 12.00
# Visual Studio Version 17
VisualStudioVersion = 17.4.33213.308
MinimumVisualStudioVersion = 10.0.40219.1
Project("{9A19103F-16F7-4668-BE54-9A1E7A4F7556}") = "GPM.CubeIntersector.Desktop", "GPM.CubeIntersector.Desktop\GPM.CubeIntersector.Desktop.csproj", "{C4F1CB21-038E-4599-A48F-67094D1DE3A5}"
EndProject
Project("{2150E333-8FDC-42A3-9474-1A3956D46DE8}") = "Application Layer", "Application Layer", "{EB1D5EED-4309-4407-8EA9-D2F90B1A5123}"
EndProject
Project("{2150E333-8FDC-42A3-9474-1A3956D46DE8}") = "Presentation Layer", "Presentation Layer", "{180473F9-193B-4335-8B8F-32FDBC7C31C5}"
EndProject
Project("{9A19103F-16F7-4668-BE54-9A1E7A4F7556}") = "GPM.CubeIntersector.Presenters", "GPM.CubeIntersector.Presenters\GPM.CubeIntersector.Presenters.csproj", "{6E3E7CB1-C3AF-4719-A1CA-192083478A22}"
EndProject
Project("{9A19103F-16F7-4668-BE54-9A1E7A4F7556}") = "GPM.Product.ViewModels", "GPM.Product.ViewModels\GPM.Product.ViewModels.csproj", "{73BD9C68-A2D4-45D8-B991-8CCFBADFBB7B}"
EndProject
Project("{9A19103F-16F7-4668-BE54-9A1E7A4F7556}") = "GPM.Product.Views", "GPM.Product.Views\GPM.Product.Views.csproj", "{958E9718-2A69-4D18-A45D-380AF09AA626}"
EndProject
Project("{2150E333-8FDC-42A3-9474-1A3956D46DE8}") = "Support Layer", "Support Layer", "{1D389ED8-2611-4CA3-8004-B1FB48D70967}"
EndProject
Project("{9A19103F-16F7-4668-BE54-9A1E7A4F7556}") = "GPM.Design.Mvpvm", "GPM.Design.Mvpvm\GPM.Design.Mvpvm.csproj", "{B4476F35-9EFE-4860-8F44-1F905E634535}"
EndProject
Project("{2150E333-8FDC-42A3-9474-1A3956D46DE8}") = "Business Logic Layer", "Business Logic Layer", "{64FBF871-CD4C-4206-9B10-47E30C1A6479}"
EndProject
Project("{9A19103F-16F7-4668-BE54-9A1E7A4F7556}") = "GPM.CubeIntersector.Domain", "GPM.CubeIntersector.Domain\GPM.CubeIntersector.Domain.csproj", "{A0B24CD8-B4CD-41CD-9550-A717B8965A32}"
EndProject
Project("{2150E333-8FDC-42A3-9474-1A3956D46DE8}") = "Test Layer", "Test Layer", "{6DA269DC-8009-49B3-8A56-F55F1389CB67}"
EndProject
Project("{9A19103F-16F7-4668-BE54-9A1E7A4F7556}") = "GPM.Common", "GPM.Common\GPM.Common.csproj", "{52232E6C-2DAE-4458-8727-E4557DC4BEB6}"
EndProject
Project("{9A19103F-16F7-4668-BE54-9A1E7A4F7556}") = "GPM.Product.Models", "GPM.Product.Models\GPM.Product.Models.csproj", "{D3928FE9-0D40-49B0-8A07-E284C61160B7}"
EndProject
Project("{9A19103F-16F7-4668-BE54-9A1E7A4F7556}") = "GPM.CubeIntersector.Test", "GPM.CubeIntersector.Test\GPM.CubeIntersector.Test.csproj", "{E2E76403-9444-403D-8C07-1E0653EDCAE8}"
EndProject
Project("{2150E333-8FDC-42A3-9474-1A3956D46DE8}") = "Service Layer", "Service Layer", "{F5818BE5-537B-40CB-8484-56FD6904083F}"
EndProject
Project("{9A19103F-16F7-4668-BE54-9A1E7A4F7556}") = "GPM.CubeIntersector.WebAPI", "GPM.CubeIntersector.WebAPI\GPM.CubeIntersector.WebAPI.csproj", "{488C78FF-1AE2-474B-8F2C-D52E7F8EF624}"
EndProject
Project("{2150E333-8FDC-42A3-9474-1A3956D46DE8}") = "Data Access Layer", "Data Access Layer", "{C69146C5-9EE3-48F1-BB74-16514EC6FA0F}"
EndProject
Project("{2150E333-8FDC-42A3-9474-1A3956D46DE8}") = "Common Layer", "Common Layer", "{3661C950-B268-4FF1-A64C-1CFB7487E02F}"
EndProject
Project("{9A19103F-16F7-4668-BE54-9A1E7A4F7556}") = "GPM.Product.Data", "GPM.Product.Data\GPM.Product.Data.csproj", "{AE363202-E3F1-4EDA-AC94-0D8A4D985214}"
EndProject
Project("{9A19103F-16F7-4668-BE54-9A1E7A4F7556}") = "GPM.Facade.Design.Mvpvm", "GPM.Facade.Design.Mvpvm\GPM.Facade.Design.Mvpvm.csproj", "{F55F8A15-A978-4BD4-9D78-22C5A1704E9D}"
EndProject
Project("{9A19103F-16F7-4668-BE54-9A1E7A4F7556}") = "GPM.Facade.Product.Views", "GPM.Facade.Product.Views\GPM.Facade.Product.Views.csproj", "{6F9BFD9D-401C-4EB3-AFF1-204687A4E992}"
EndProject
Project("{9A19103F-16F7-4668-BE54-9A1E7A4F7556}") = "GPM.Facade.Product.ViewModels", "GPM.Facade.Product.ViewModels\GPM.Facade.Product.ViewModels.csproj", "{09C130C9-1776-42A4-9FC7-24F90BCF63F3}"
EndProject
Project("{9A19103F-16F7-4668-BE54-9A1E7A4F7556}") = "GPM.Facade.Product.Data", "GPM.Facade.Product.Data\GPM.Facade.Product.Data.csproj", "{A9675018-87F7-42E6-8B08-63F7F7EB5E05}"
EndProject
Project("{9A19103F-16F7-4668-BE54-9A1E7A4F7556}") = "GPM.Facade.Product.Models", "GPM.Facade.Product.Models\GPM.Facade.Product.Models.csproj", "{B5E3EF75-7B17-4F18-94E8-48104EFCB85E}"
EndProject
Project("{9A19103F-16F7-4668-BE54-9A1E7A4F7556}") = "GPM.CubeIntersector.Domain.Desktop", "GPM.CubeIntersector.Domain.Desktop\GPM.CubeIntersector.Domain.Desktop.csproj", "{B66F9241-6208-4D41-836D-1A161313DD2D}"
EndProject
Project("{9A19103F-16F7-4668-BE54-9A1E7A4F7556}") = "GPM.CubeIntersector.Domain.WebAPI", "GPM.CubeIntersector.Domain.WebAPI\GPM.CubeIntersector.Domain.WebAPI.csproj", "{0AF1B115-EB1F-44CD-A110-8FBCECA01116}"
EndProject
Project("{9A19103F-16F7-4668-BE54-9A1E7A4F7556}") = "GPM.Facade.Common", "GPM.Facade.Common\GPM.Facade.Common.csproj", "{BA5A5FAA-1E5C-4D77-82A2-75E3636234B8}"
EndProject
Project("{FAE04EC0-301F-11D3-BF4B-00C04F79EFBC}") = "GPM.Facade.CubeIntersector.Presenters", "GPM.Facade.CubeIntersector.Presenters\GPM.Facade.CubeIntersector.Presenters.csproj", "{C798D41C-1849-4030-B353-E8806AF152A9}"
EndProject
Global
	GlobalSection(SolutionConfigurationPlatforms) = preSolution
		Debug|Any CPU = Debug|Any CPU
		Release|Any CPU = Release|Any CPU
	EndGlobalSection
	GlobalSection(ProjectConfigurationPlatforms) = postSolution
		{C4F1CB21-038E-4599-A48F-67094D1DE3A5}.Debug|Any CPU.ActiveCfg = Debug|Any CPU
		{C4F1CB21-038E-4599-A48F-67094D1DE3A5}.Debug|Any CPU.Build.0 = Debug|Any CPU
		{C4F1CB21-038E-4599-A48F-67094D1DE3A5}.Release|Any CPU.ActiveCfg = Release|Any CPU
		{C4F1CB21-038E-4599-A48F-67094D1DE3A5}.Release|Any CPU.Build.0 = Release|Any CPU
		{6E3E7CB1-C3AF-4719-A1CA-192083478A22}.Debug|Any CPU.ActiveCfg = Debug|Any CPU
		{6E3E7CB1-C3AF-4719-A1CA-192083478A22}.Debug|Any CPU.Build.0 = Debug|Any CPU
		{6E3E7CB1-C3AF-4719-A1CA-192083478A22}.Release|Any CPU.ActiveCfg = Release|Any CPU
		{6E3E7CB1-C3AF-4719-A1CA-192083478A22}.Release|Any CPU.Build.0 = Release|Any CPU
		{73BD9C68-A2D4-45D8-B991-8CCFBADFBB7B}.Debug|Any CPU.ActiveCfg = Debug|Any CPU
		{73BD9C68-A2D4-45D8-B991-8CCFBADFBB7B}.Debug|Any CPU.Build.0 = Debug|Any CPU
		{73BD9C68-A2D4-45D8-B991-8CCFBADFBB7B}.Release|Any CPU.ActiveCfg = Release|Any CPU
		{73BD9C68-A2D4-45D8-B991-8CCFBADFBB7B}.Release|Any CPU.Build.0 = Release|Any CPU
		{958E9718-2A69-4D18-A45D-380AF09AA626}.Debug|Any CPU.ActiveCfg = Debug|Any CPU
		{958E9718-2A69-4D18-A45D-380AF09AA626}.Debug|Any CPU.Build.0 = Debug|Any CPU
		{958E9718-2A69-4D18-A45D-380AF09AA626}.Release|Any CPU.ActiveCfg = Release|Any CPU
		{958E9718-2A69-4D18-A45D-380AF09AA626}.Release|Any CPU.Build.0 = Release|Any CPU
		{B4476F35-9EFE-4860-8F44-1F905E634535}.Debug|Any CPU.ActiveCfg = Debug|Any CPU
		{B4476F35-9EFE-4860-8F44-1F905E634535}.Debug|Any CPU.Build.0 = Debug|Any CPU
		{B4476F35-9EFE-4860-8F44-1F905E634535}.Release|Any CPU.ActiveCfg = Release|Any CPU
		{B4476F35-9EFE-4860-8F44-1F905E634535}.Release|Any CPU.Build.0 = Release|Any CPU
		{A0B24CD8-B4CD-41CD-9550-A717B8965A32}.Debug|Any CPU.ActiveCfg = Debug|Any CPU
		{A0B24CD8-B4CD-41CD-9550-A717B8965A32}.Debug|Any CPU.Build.0 = Debug|Any CPU
		{A0B24CD8-B4CD-41CD-9550-A717B8965A32}.Release|Any CPU.ActiveCfg = Release|Any CPU
		{A0B24CD8-B4CD-41CD-9550-A717B8965A32}.Release|Any CPU.Build.0 = Release|Any CPU
		{52232E6C-2DAE-4458-8727-E4557DC4BEB6}.Debug|Any CPU.ActiveCfg = Debug|Any CPU
		{52232E6C-2DAE-4458-8727-E4557DC4BEB6}.Debug|Any CPU.Build.0 = Debug|Any CPU
		{52232E6C-2DAE-4458-8727-E4557DC4BEB6}.Release|Any CPU.ActiveCfg = Release|Any CPU
		{52232E6C-2DAE-4458-8727-E4557DC4BEB6}.Release|Any CPU.Build.0 = Release|Any CPU
		{D3928FE9-0D40-49B0-8A07-E284C61160B7}.Debug|Any CPU.ActiveCfg = Debug|Any CPU
		{D3928FE9-0D40-49B0-8A07-E284C61160B7}.Debug|Any CPU.Build.0 = Debug|Any CPU
		{D3928FE9-0D40-49B0-8A07-E284C61160B7}.Release|Any CPU.ActiveCfg = Release|Any CPU
		{D3928FE9-0D40-49B0-8A07-E284C61160B7}.Release|Any CPU.Build.0 = Release|Any CPU
		{E2E76403-9444-403D-8C07-1E0653EDCAE8}.Debug|Any CPU.ActiveCfg = Debug|Any CPU
		{E2E76403-9444-403D-8C07-1E0653EDCAE8}.Debug|Any CPU.Build.0 = Debug|Any CPU
		{E2E76403-9444-403D-8C07-1E0653EDCAE8}.Release|Any CPU.ActiveCfg = Release|Any CPU
		{E2E76403-9444-403D-8C07-1E0653EDCAE8}.Release|Any CPU.Build.0 = Release|Any CPU
		{488C78FF-1AE2-474B-8F2C-D52E7F8EF624}.Debug|Any CPU.ActiveCfg = Debug|Any CPU
		{488C78FF-1AE2-474B-8F2C-D52E7F8EF624}.Debug|Any CPU.Build.0 = Debug|Any CPU
		{488C78FF-1AE2-474B-8F2C-D52E7F8EF624}.Release|Any CPU.ActiveCfg = Release|Any CPU
		{488C78FF-1AE2-474B-8F2C-D52E7F8EF624}.Release|Any CPU.Build.0 = Release|Any CPU
		{AE363202-E3F1-4EDA-AC94-0D8A4D985214}.Debug|Any CPU.ActiveCfg = Debug|Any CPU
		{AE363202-E3F1-4EDA-AC94-0D8A4D985214}.Debug|Any CPU.Build.0 = Debug|Any CPU
		{AE363202-E3F1-4EDA-AC94-0D8A4D985214}.Release|Any CPU.ActiveCfg = Release|Any CPU
		{AE363202-E3F1-4EDA-AC94-0D8A4D985214}.Release|Any CPU.Build.0 = Release|Any CPU
		{F55F8A15-A978-4BD4-9D78-22C5A1704E9D}.Debug|Any CPU.ActiveCfg = Debug|Any CPU
		{F55F8A15-A978-4BD4-9D78-22C5A1704E9D}.Debug|Any CPU.Build.0 = Debug|Any CPU
		{F55F8A15-A978-4BD4-9D78-22C5A1704E9D}.Release|Any CPU.ActiveCfg = Release|Any CPU
		{F55F8A15-A978-4BD4-9D78-22C5A1704E9D}.Release|Any CPU.Build.0 = Release|Any CPU
		{6F9BFD9D-401C-4EB3-AFF1-204687A4E992}.Debug|Any CPU.ActiveCfg = Debug|Any CPU
		{6F9BFD9D-401C-4EB3-AFF1-204687A4E992}.Debug|Any CPU.Build.0 = Debug|Any CPU
		{6F9BFD9D-401C-4EB3-AFF1-204687A4E992}.Release|Any CPU.ActiveCfg = Release|Any CPU
		{6F9BFD9D-401C-4EB3-AFF1-204687A4E992}.Release|Any CPU.Build.0 = Release|Any CPU
		{09C130C9-1776-42A4-9FC7-24F90BCF63F3}.Debug|Any CPU.ActiveCfg = Debug|Any CPU
		{09C130C9-1776-42A4-9FC7-24F90BCF63F3}.Debug|Any CPU.Build.0 = Debug|Any CPU
		{09C130C9-1776-42A4-9FC7-24F90BCF63F3}.Release|Any CPU.ActiveCfg = Release|Any CPU
		{09C130C9-1776-42A4-9FC7-24F90BCF63F3}.Release|Any CPU.Build.0 = Release|Any CPU
		{A9675018-87F7-42E6-8B08-63F7F7EB5E05}.Debug|Any CPU.ActiveCfg = Debug|Any CPU
		{A9675018-87F7-42E6-8B08-63F7F7EB5E05}.Debug|Any CPU.Build.0 = Debug|Any CPU
		{A9675018-87F7-42E6-8B08-63F7F7EB5E05}.Release|Any CPU.ActiveCfg = Release|Any CPU
		{A9675018-87F7-42E6-8B08-63F7F7EB5E05}.Release|Any CPU.Build.0 = Release|Any CPU
		{B5E3EF75-7B17-4F18-94E8-48104EFCB85E}.Debug|Any CPU.ActiveCfg = Debug|Any CPU
		{B5E3EF75-7B17-4F18-94E8-48104EFCB85E}.Debug|Any CPU.Build.0 = Debug|Any CPU
		{B5E3EF75-7B17-4F18-94E8-48104EFCB85E}.Release|Any CPU.ActiveCfg = Release|Any CPU
		{B5E3EF75-7B17-4F18-94E8-48104EFCB85E}.Release|Any CPU.Build.0 = Release|Any CPU
		{B66F9241-6208-4D41-836D-1A161313DD2D}.Debug|Any CPU.ActiveCfg = Debug|Any CPU
		{B66F9241-6208-4D41-836D-1A161313DD2D}.Debug|Any CPU.Build.0 = Debug|Any CPU
		{B66F9241-6208-4D41-836D-1A161313DD2D}.Release|Any CPU.ActiveCfg = Release|Any CPU
		{B66F9241-6208-4D41-836D-1A161313DD2D}.Release|Any CPU.Build.0 = Release|Any CPU
		{0AF1B115-EB1F-44CD-A110-8FBCECA01116}.Debug|Any CPU.ActiveCfg = Debug|Any CPU
		{0AF1B115-EB1F-44CD-A110-8FBCECA01116}.Debug|Any CPU.Build.0 = Debug|Any CPU
		{0AF1B115-EB1F-44CD-A110-8FBCECA01116}.Release|Any CPU.ActiveCfg = Release|Any CPU
		{0AF1B115-EB1F-44CD-A110-8FBCECA01116}.Release|Any CPU.Build.0 = Release|Any CPU
		{BA5A5FAA-1E5C-4D77-82A2-75E3636234B8}.Debug|Any CPU.ActiveCfg = Debug|Any CPU
		{BA5A5FAA-1E5C-4D77-82A2-75E3636234B8}.Debug|Any CPU.Build.0 = Debug|Any CPU
		{BA5A5FAA-1E5C-4D77-82A2-75E3636234B8}.Release|Any CPU.ActiveCfg = Release|Any CPU
		{BA5A5FAA-1E5C-4D77-82A2-75E3636234B8}.Release|Any CPU.Build.0 = Release|Any CPU
		{C798D41C-1849-4030-B353-E8806AF152A9}.Debug|Any CPU.ActiveCfg = Debug|Any CPU
		{C798D41C-1849-4030-B353-E8806AF152A9}.Debug|Any CPU.Build.0 = Debug|Any CPU
		{C798D41C-1849-4030-B353-E8806AF152A9}.Release|Any CPU.ActiveCfg = Release|Any CPU
		{C798D41C-1849-4030-B353-E8806AF152A9}.Release|Any CPU.Build.0 = Release|Any CPU
	EndGlobalSection
	GlobalSection(SolutionProperties) = preSolution
		HideSolutionNode = FALSE
	EndGlobalSection
	GlobalSection(NestedProjects) = preSolution
		{C4F1CB21-038E-4599-A48F-67094D1DE3A5} = {EB1D5EED-4309-4407-8EA9-D2F90B1A5123}
		{6E3E7CB1-C3AF-4719-A1CA-192083478A22} = {180473F9-193B-4335-8B8F-32FDBC7C31C5}
		{73BD9C68-A2D4-45D8-B991-8CCFBADFBB7B} = {180473F9-193B-4335-8B8F-32FDBC7C31C5}
		{958E9718-2A69-4D18-A45D-380AF09AA626} = {180473F9-193B-4335-8B8F-32FDBC7C31C5}
		{B4476F35-9EFE-4860-8F44-1F905E634535} = {1D389ED8-2611-4CA3-8004-B1FB48D70967}
		{A0B24CD8-B4CD-41CD-9550-A717B8965A32} = {64FBF871-CD4C-4206-9B10-47E30C1A6479}
		{52232E6C-2DAE-4458-8727-E4557DC4BEB6} = {3661C950-B268-4FF1-A64C-1CFB7487E02F}
		{D3928FE9-0D40-49B0-8A07-E284C61160B7} = {64FBF871-CD4C-4206-9B10-47E30C1A6479}
		{E2E76403-9444-403D-8C07-1E0653EDCAE8} = {6DA269DC-8009-49B3-8A56-F55F1389CB67}
		{488C78FF-1AE2-474B-8F2C-D52E7F8EF624} = {F5818BE5-537B-40CB-8484-56FD6904083F}
		{AE363202-E3F1-4EDA-AC94-0D8A4D985214} = {C69146C5-9EE3-48F1-BB74-16514EC6FA0F}
		{F55F8A15-A978-4BD4-9D78-22C5A1704E9D} = {1D389ED8-2611-4CA3-8004-B1FB48D70967}
		{6F9BFD9D-401C-4EB3-AFF1-204687A4E992} = {180473F9-193B-4335-8B8F-32FDBC7C31C5}
		{09C130C9-1776-42A4-9FC7-24F90BCF63F3} = {180473F9-193B-4335-8B8F-32FDBC7C31C5}
		{A9675018-87F7-42E6-8B08-63F7F7EB5E05} = {C69146C5-9EE3-48F1-BB74-16514EC6FA0F}
		{B5E3EF75-7B17-4F18-94E8-48104EFCB85E} = {64FBF871-CD4C-4206-9B10-47E30C1A6479}
		{B66F9241-6208-4D41-836D-1A161313DD2D} = {64FBF871-CD4C-4206-9B10-47E30C1A6479}
		{0AF1B115-EB1F-44CD-A110-8FBCECA01116} = {64FBF871-CD4C-4206-9B10-47E30C1A6479}
		{BA5A5FAA-1E5C-4D77-82A2-75E3636234B8} = {3661C950-B268-4FF1-A64C-1CFB7487E02F}
		{C798D41C-1849-4030-B353-E8806AF152A9} = {180473F9-193B-4335-8B8F-32FDBC7C31C5}
	EndGlobalSection
	GlobalSection(ExtensibilityGlobals) = postSolution
		SolutionGuid = {F467FA8D-EB0B-4969-B318-B12225805795}
	EndGlobalSection
EndGlobal
